
Microsoft Visual Studio Solution File, Format Version 12.00
# Visual Studio Version 17
VisualStudioVersion = 17.13.35825.156
MinimumVisualStudioVersion = 10.0.40219.1
Project("{FAE04EC0-301F-11D3-BF4B-00C04F79EFBC}") = "IncidentApp", "IncidentApp\IncidentApp.csproj", "{22D124C6-785F-4ED7-A875-D4B4DE744A04}"
EndProject
Project("{FAE04EC0-301F-11D3-BF4B-00C04F79EFBC}") = "IncidentManagementWebApp", "IncidentManagementWebApp\IncidentManagementWebApp.csproj", "{2DEC47F7-DE0D-4E2B-8125-38C5E5F6AE3F}"
EndProject
Project("{FAE04EC0-301F-11D3-BF4B-00C04F79EFBC}") = "IncidentAppTests", "IncidentAppTests\IncidentAppTests.csproj", "{D739FEE8-CC84-4BFF-B108-D65546538232}"
EndProject
Global
	GlobalSection(SolutionConfigurationPlatforms) = preSolution
		Debug|Any CPU = Debug|Any CPU
		Release|Any CPU = Release|Any CPU
	EndGlobalSection
	GlobalSection(ProjectConfigurationPlatforms) = postSolution
		{22D124C6-785F-4ED7-A875-D4B4DE744A04}.Debug|Any CPU.ActiveCfg = Debug|Any CPU
		{22D124C6-785F-4ED7-A875-D4B4DE744A04}.Debug|Any CPU.Build.0 = Debug|Any CPU
		{22D124C6-785F-4ED7-A875-D4B4DE744A04}.Release|Any CPU.ActiveCfg = Release|Any CPU
		{22D124C6-785F-4ED7-A875-D4B4DE744A04}.Release|Any CPU.Build.0 = Release|Any CPU
		{2DEC47F7-DE0D-4E2B-8125-38C5E5F6AE3F}.Debug|Any CPU.ActiveCfg = Debug|Any CPU
		{2DEC47F7-DE0D-4E2B-8125-38C5E5F6AE3F}.Debug|Any CPU.Build.0 = Debug|Any CPU
		{2DEC47F7-DE0D-4E2B-8125-38C5E5F6AE3F}.Release|Any CPU.ActiveCfg = Release|Any CPU
		{2DEC47F7-DE0D-4E2B-8125-38C5E5F6AE3F}.Release|Any CPU.Build.0 = Release|Any CPU
		{D739FEE8-CC84-4BFF-B108-D65546538232}.Debug|Any CPU.ActiveCfg = Debug|Any CPU
		{D739FEE8-CC84-4BFF-B108-D65546538232}.Debug|Any CPU.Build.0 = Debug|Any CPU
		{D739FEE8-CC84-4BFF-B108-D65546538232}.Release|Any CPU.ActiveCfg = Release|Any CPU
		{D739FEE8-CC84-4BFF-B108-D65546538232}.Release|Any CPU.Build.0 = Release|Any CPU
	EndGlobalSection
	GlobalSection(SolutionProperties) = preSolution
		HideSolutionNode = FALSE
	EndGlobalSection
	GlobalSection(ExtensibilityGlobals) = postSolution
		SolutionGuid = {6C87259E-C9ED-4233-9153-B25FE5D6E15E}
	EndGlobalSection
EndGlobal
